github.com/avearmin/stylecodes v1.0.1 h1:wStw0eU8ZIdTsNXe2omBcQJf+6/0+jKTp6D/MUQCzkQ=
github.com/avearmin/stylecodes v1.0.1/go.mod h1:/EQBo9SH2lGqYqXefORh8HxZK6y/72OCICJJQSj4t18=
github.com/pelletier/go-toml v1.9.5 h1:4yBQzkHv+7BHq2PQUZF3Mx0IYxG7LsP222s7Agd3ve8=
github.com/pelletier/go-toml v1.9.5/go.mod h1:u1nR/EPcESfeI/szUZKdtJ0xRNbUoANCkoOuaOx1Y+c=
